
Microsoft Visual Studio Solution File, Format Version 12.00
# Visual Studio Version 17
VisualStudioVersion = 17.4.33213.308
MinimumVisualStudioVersion = 10.0.40219.1
Project("{9A19103F-16F7-4668-BE54-9A1E7A4F7556}") = "KDTVN-DigitalSignage", "KDTVN-DigitalSignage\KDTVN-DigitalSignage.csproj", "{EE0FB520-6635-44FE-9D94-3808CA350FA3}"
EndProject
Project("{D954291E-2A0B-460D-934E-DC6B0785DB48}") = "KDTVN-Shared", "KDTVN-Shared\KDTVN-Shared.shproj", "{A9556DFE-BFFF-4929-8F62-F3F32F862159}"
EndProject
Global
	GlobalSection(SolutionConfigurationPlatforms) = preSolution
		Debug|Any CPU = Debug|Any CPU
		Release|Any CPU = Release|Any CPU
	EndGlobalSection
	GlobalSection(ProjectConfigurationPlatforms) = postSolution
		{EE0FB520-6635-44FE-9D94-3808CA350FA3}.Debug|Any CPU.ActiveCfg = Debug|Any CPU
		{EE0FB520-6635-44FE-9D94-3808CA350FA3}.Debug|Any CPU.Build.0 = Debug|Any CPU
		{EE0FB520-6635-44FE-9D94-3808CA350FA3}.Release|Any CPU.ActiveCfg = Release|Any CPU
		{EE0FB520-6635-44FE-9D94-3808CA350FA3}.Release|Any CPU.Build.0 = Release|Any CPU
	EndGlobalSection
	GlobalSection(SolutionProperties) = preSolution
		HideSolutionNode = FALSE
	EndGlobalSection
	GlobalSection(ExtensibilityGlobals) = postSolution
		SolutionGuid = {5491ADEF-4374-434D-88EB-AB3063FB6477}
	EndGlobalSection
	GlobalSection(SharedMSBuildProjectFiles) = preSolution
		KDTVN-Shared\KDTVN-Shared.projitems*{a9556dfe-bfff-4929-8f62-f3f32f862159}*SharedItemsImports = 13
		KDTVN-Shared\KDTVN-Shared.projitems*{ee0fb520-6635-44fe-9d94-3808ca350fa3}*SharedItemsImports = 5
	EndGlobalSection
EndGlobal
